
Microsoft Visual Studio Solution File, Format Version 12.00
# Visual Studio Version 17
VisualStudioVersion = 17.14.36518.9 d17.14
MinimumVisualStudioVersion = 10.0.40219.1
Project("{FAE04EC0-301F-11D3-BF4B-00C04F79EFBC}") = "formExercício13.02.26", "formExercício13.02.26\formExercício13.02.26.csproj", "{BA663E71-820F-44F4-98AC-279DD174A6DE}"
EndProject
Global
	GlobalSection(SolutionConfigurationPlatforms) = preSolution
		Debug|Any CPU = Debug|Any CPU
		Release|Any CPU = Release|Any CPU
	EndGlobalSection
	GlobalSection(ProjectConfigurationPlatforms) = postSolution
		{BA663E71-820F-44F4-98AC-279DD174A6DE}.Debug|Any CPU.ActiveCfg = Debug|Any CPU
		{BA663E71-820F-44F4-98AC-279DD174A6DE}.Debug|Any CPU.Build.0 = Debug|Any CPU
		{BA663E71-820F-44F4-98AC-279DD174A6DE}.Release|Any CPU.ActiveCfg = Release|Any CPU
		{BA663E71-820F-44F4-98AC-279DD174A6DE}.Release|Any CPU.Build.0 = Release|Any CPU
	EndGlobalSection
	GlobalSection(SolutionProperties) = preSolution
		HideSolutionNode = FALSE
	EndGlobalSection
	GlobalSection(ExtensibilityGlobals) = postSolution
		SolutionGuid = {F0FC2169-5522-4D8B-96DD-2724B7481646}
	EndGlobalSection
EndGlobal
