
Microsoft Visual Studio Solution File, Format Version 12.00
# Visual Studio Version 17
VisualStudioVersion = 17.14.36518.9 d17.14
MinimumVisualStudioVersion = 10.0.40219.1
Project("{FAE04EC0-301F-11D3-BF4B-00C04F79EFBC}") = "WinFormsApp125.02.26", "WinFormsApp125.02.26\WinFormsApp125.02.26.csproj", "{43F977AB-7BCF-4EFB-BBFE-E53DE373429A}"
EndProject
Global
	GlobalSection(SolutionConfigurationPlatforms) = preSolution
		Debug|Any CPU = Debug|Any CPU
		Release|Any CPU = Release|Any CPU
	EndGlobalSection
	GlobalSection(ProjectConfigurationPlatforms) = postSolution
		{43F977AB-7BCF-4EFB-BBFE-E53DE373429A}.Debug|Any CPU.ActiveCfg = Debug|Any CPU
		{43F977AB-7BCF-4EFB-BBFE-E53DE373429A}.Debug|Any CPU.Build.0 = Debug|Any CPU
		{43F977AB-7BCF-4EFB-BBFE-E53DE373429A}.Release|Any CPU.ActiveCfg = Release|Any CPU
		{43F977AB-7BCF-4EFB-BBFE-E53DE373429A}.Release|Any CPU.Build.0 = Release|Any CPU
	EndGlobalSection
	GlobalSection(SolutionProperties) = preSolution
		HideSolutionNode = FALSE
	EndGlobalSection
	GlobalSection(ExtensibilityGlobals) = postSolution
		SolutionGuid = {3110200B-B278-4455-8A90-552973C186D7}
	EndGlobalSection
EndGlobal
